
Microsoft Visual Studio Solution File, Format Version 12.00
# Visual Studio Version 17
VisualStudioVersion = 17.0.32112.339
MinimumVisualStudioVersion = 10.0.40219.1
Project("{9A19103F-16F7-4668-BE54-9A1E7A4F7556}") = "winpoolmsc", "winpoolmsc\winpoolmsc.csproj", "{A0BC9CA1-5E5F-404A-925A-AE3E19C02369}"
EndProject
Project("{2150E333-8FDC-42A3-9474-1A3956D46DE8}") = "Solution Items", "Solution Items", "{B8F6A11A-C9DD-4F4B-85E4-363EA1B9FF6A}"
	ProjectSection(SolutionItems) = preProject
		.editorconfig = .editorconfig
	EndProjectSection
EndProject
Global
	GlobalSection(SolutionConfigurationPlatforms) = preSolution
		Debug|Any CPU = Debug|Any CPU
		Debug|ARM64 = Debug|ARM64
		Debug|x64 = Debug|x64
		Debug|x86 = Debug|x86
		Release|Any CPU = Release|Any CPU
		Release|ARM64 = Release|ARM64
		Release|x64 = Release|x64
		Release|x86 = Release|x86
	EndGlobalSection
	GlobalSection(ProjectConfigurationPlatforms) = postSolution
		{A0BC9CA1-5E5F-404A-925A-AE3E19C02369}.Debug|Any CPU.ActiveCfg = Debug|Any CPU
		{A0BC9CA1-5E5F-404A-925A-AE3E19C02369}.Debug|Any CPU.Build.0 = Debug|Any CPU
		{A0BC9CA1-5E5F-404A-925A-AE3E19C02369}.Debug|ARM64.ActiveCfg = Debug|ARM64
		{A0BC9CA1-5E5F-404A-925A-AE3E19C02369}.Debug|ARM64.Build.0 = Debug|ARM64
		{A0BC9CA1-5E5F-404A-925A-AE3E19C02369}.Debug|x64.ActiveCfg = Debug|x64
		{A0BC9CA1-5E5F-404A-925A-AE3E19C02369}.Debug|x64.Build.0 = Debug|x64
		{A0BC9CA1-5E5F-404A-925A-AE3E19C02369}.Debug|x86.ActiveCfg = Debug|x86
		{A0BC9CA1-5E5F-404A-925A-AE3E19C02369}.Debug|x86.Build.0 = Debug|x86
		{A0BC9CA1-5E5F-404A-925A-AE3E19C02369}.Release|Any CPU.ActiveCfg = Release|Any CPU
		{A0BC9CA1-5E5F-404A-925A-AE3E19C02369}.Release|Any CPU.Build.0 = Release|Any CPU
		{A0BC9CA1-5E5F-404A-925A-AE3E19C02369}.Release|ARM64.ActiveCfg = Release|ARM64
		{A0BC9CA1-5E5F-404A-925A-AE3E19C02369}.Release|ARM64.Build.0 = Release|ARM64
		{A0BC9CA1-5E5F-404A-925A-AE3E19C02369}.Release|x64.ActiveCfg = Release|x64
		{A0BC9CA1-5E5F-404A-925A-AE3E19C02369}.Release|x64.Build.0 = Release|x64
		{A0BC9CA1-5E5F-404A-925A-AE3E19C02369}.Release|x86.ActiveCfg = Release|x86
		{A0BC9CA1-5E5F-404A-925A-AE3E19C02369}.Release|x86.Build.0 = Release|x86
	EndGlobalSection
	GlobalSection(SolutionProperties) = preSolution
		HideSolutionNode = FALSE
	EndGlobalSection
	GlobalSection(ExtensibilityGlobals) = postSolution
		SolutionGuid = {4C3D0511-7D59-4D4B-B18E-92A259526261}
	EndGlobalSection
EndGlobal
